
Microsoft Visual Studio Solution File, Format Version 12.00
# Visual Studio Version 17
VisualStudioVersion = 17.5.002.0
MinimumVisualStudioVersion = 10.0.40219.1
Project("{2150E333-8FDC-42A3-9474-1A3956D46DE8}") = "csharp-prep", "csharp-prep", "{5D660038-28A0-44F0-8172-3829BE8E38AA}"
EndProject
Project("{9A19103F-16F7-4668-BE54-9A1E7A4F7556}") = "Prep1", "csharp-prep\Prep1\Prep1.csproj", "{1AA2F758-3762-4498-8C06-B21373272DFC}"
EndProject
Project("{9A19103F-16F7-4668-BE54-9A1E7A4F7556}") = "Prep2", "csharp-prep\Prep2\Prep2.csproj", "{171B555C-9958-4561-9001-983CDC0EFBB2}"
EndProject
Project("{9A19103F-16F7-4668-BE54-9A1E7A4F7556}") = "Prep3", "csharp-prep\Prep3\Prep3.csproj", "{4EAFB77E-500E-4F26-9DE2-AB2E2B7F3B50}"
EndProject
Project("{9A19103F-16F7-4668-BE54-9A1E7A4F7556}") = "Prep4", "csharp-prep\Prep4\Prep4.csproj", "{1C59962F-A86A-4B59-87DE-EC7992D45D15}"
EndProject
Project("{9A19103F-16F7-4668-BE54-9A1E7A4F7556}") = "Prep5", "csharp-prep\Prep5\Prep5.csproj", "{5F61135A-4255-4E09-922B-7E44EB0409C0}"
EndProject
Project("{2150E333-8FDC-42A3-9474-1A3956D46DE8}") = "final", "final", "{16B9FF90-940B-42B6-B6B9-6F7D24584F13}"
EndProject
Project("{9A19103F-16F7-4668-BE54-9A1E7A4F7556}") = "FinalProject", "final\FinalProject\FinalProject.csproj", "{11FA04CE-7382-4210-B9CE-7230E4BE8AC5}"
EndProject
Project("{9A19103F-16F7-4668-BE54-9A1E7A4F7556}") = "Foundation1", "final\Foundation1\Foundation1.csproj", "{FACB17F3-4447-4445-A8CE-A785B485D78A}"
EndProject
Project("{9A19103F-16F7-4668-BE54-9A1E7A4F7556}") = "Foundation2", "final\Foundation2\Foundation2.csproj", "{F9FCFE8F-0E5B-43E7-9974-07D5487E38C5}"
EndProject
Project("{9A19103F-16F7-4668-BE54-9A1E7A4F7556}") = "Foundation3", "final\Foundation3\Foundation3.csproj", "{443A1ED9-CD49-486B-92E0-F9A21A78935D}"
EndProject
Project("{9A19103F-16F7-4668-BE54-9A1E7A4F7556}") = "Foundation4", "final\Foundation4\Foundation4.csproj", "{EFB475A0-7097-4E36-BBBD-3D3BF905F556}"
EndProject
Project("{2150E333-8FDC-42A3-9474-1A3956D46DE8}") = "prepare", "prepare", "{41D90CAD-D19A-4C28-8286-2F47A862A5D4}"
EndProject
Project("{9A19103F-16F7-4668-BE54-9A1E7A4F7556}") = "Learning02", "prepare\Learning02\Learning02.csproj", "{D104ABB2-7CF2-42C5-8FA1-97B42294817F}"
EndProject
Project("{9A19103F-16F7-4668-BE54-9A1E7A4F7556}") = "Learning03", "prepare\Learning03\Learning03.csproj", "{E7FB5E07-A578-4747-8F4F-7CEBE92AAE06}"
EndProject
Project("{9A19103F-16F7-4668-BE54-9A1E7A4F7556}") = "Learning04", "prepare\Learning04\Learning04.csproj", "{5D82B1F4-A511-4DE7-BDA7-E71980300862}"
EndProject
Project("{9A19103F-16F7-4668-BE54-9A1E7A4F7556}") = "Learning05", "prepare\Learning05\Learning05.csproj", "{264355D1-7662-45B7-AACC-32CDC468F012}"
EndProject
Project("{2150E333-8FDC-42A3-9474-1A3956D46DE8}") = "prove", "prove", "{5B7910E6-B8C3-40D5-837E-33E7ED1B2366}"
EndProject
Project("{9A19103F-16F7-4668-BE54-9A1E7A4F7556}") = "Develop02", "prove\Develop02\Develop02.csproj", "{667142F1-7EBC-40B8-85B0-0E7362FFD150}"
EndProject
Project("{9A19103F-16F7-4668-BE54-9A1E7A4F7556}") = "Develop03", "prove\Develop03\Develop03.csproj", "{A1E32196-A027-4B63-B038-631B39EF2440}"
EndProject
Project("{9A19103F-16F7-4668-BE54-9A1E7A4F7556}") = "Develop04", "prove\Develop04\Develop04.csproj", "{98D50D45-C416-4696-A870-A5ACCD88ECFC}"
EndProject
Project("{9A19103F-16F7-4668-BE54-9A1E7A4F7556}") = "Develop05", "prove\Develop05\Develop05.csproj", "{54B7F9C1-6BB8-4202-9F22-EE785E101FA3}"
EndProject
Project("{2150E333-8FDC-42A3-9474-1A3956D46DE8}") = "sandbox", "sandbox", "{113D66B7-3E85-452F-B1FA-F5211BF0064B}"
EndProject
Project("{9A19103F-16F7-4668-BE54-9A1E7A4F7556}") = "Sandbox", "sandbox\Sandbox\Sandbox.csproj", "{E339E74F-D92C-4BFB-AE3F-1DF10219F12E}"
EndProject
Global
	GlobalSection(SolutionConfigurationPlatforms) = preSolution
		Debug|Any CPU = Debug|Any CPU
		Release|Any CPU = Release|Any CPU
	EndGlobalSection
	GlobalSection(ProjectConfigurationPlatforms) = postSolution
		{1AA2F758-3762-4498-8C06-B21373272DFC}.Debug|Any CPU.ActiveCfg = Debug|Any CPU
		{1AA2F758-3762-4498-8C06-B21373272DFC}.Debug|Any CPU.Build.0 = Debug|Any CPU
		{1AA2F758-3762-4498-8C06-B21373272DFC}.Release|Any CPU.ActiveCfg = Release|Any CPU
		{1AA2F758-3762-4498-8C06-B21373272DFC}.Release|Any CPU.Build.0 = Release|Any CPU
		{171B555C-9958-4561-9001-983CDC0EFBB2}.Debug|Any CPU.ActiveCfg = Debug|Any CPU
		{171B555C-9958-4561-9001-983CDC0EFBB2}.Debug|Any CPU.Build.0 = Debug|Any CPU
		{171B555C-9958-4561-9001-983CDC0EFBB2}.Release|Any CPU.ActiveCfg = Release|Any CPU
		{171B555C-9958-4561-9001-983CDC0EFBB2}.Release|Any CPU.Build.0 = Release|Any CPU
		{4EAFB77E-500E-4F26-9DE2-AB2E2B7F3B50}.Debug|Any CPU.ActiveCfg = Debug|Any CPU
		{4EAFB77E-500E-4F26-9DE2-AB2E2B7F3B50}.Debug|Any CPU.Build.0 = Debug|Any CPU
		{4EAFB77E-500E-4F26-9DE2-AB2E2B7F3B50}.Release|Any CPU.ActiveCfg = Release|Any CPU
		{4EAFB77E-500E-4F26-9DE2-AB2E2B7F3B50}.Release|Any CPU.Build.0 = Release|Any CPU
		{1C59962F-A86A-4B59-87DE-EC7992D45D15}.Debug|Any CPU.ActiveCfg = Debug|Any CPU
		{1C59962F-A86A-4B59-87DE-EC7992D45D15}.Debug|Any CPU.Build.0 = Debug|Any CPU
		{1C59962F-A86A-4B59-87DE-EC7992D45D15}.Release|Any CPU.ActiveCfg = Release|Any CPU
		{1C59962F-A86A-4B59-87DE-EC7992D45D15}.Release|Any CPU.Build.0 = Release|Any CPU
		{5F61135A-4255-4E09-922B-7E44EB0409C0}.Debug|Any CPU.ActiveCfg = Debug|Any CPU
		{5F61135A-4255-4E09-922B-7E44EB0409C0}.Debug|Any CPU.Build.0 = Debug|Any CPU
		{5F61135A-4255-4E09-922B-7E44EB0409C0}.Release|Any CPU.ActiveCfg = Release|Any CPU
		{5F61135A-4255-4E09-922B-7E44EB0409C0}.Release|Any CPU.Build.0 = Release|Any CPU
		{11FA04CE-7382-4210-B9CE-7230E4BE8AC5}.Debug|Any CPU.ActiveCfg = Debug|Any CPU
		{11FA04CE-7382-4210-B9CE-7230E4BE8AC5}.Debug|Any CPU.Build.0 = Debug|Any CPU
		{11FA04CE-7382-4210-B9CE-7230E4BE8AC5}.Release|Any CPU.ActiveCfg = Release|Any CPU
		{11FA04CE-7382-4210-B9CE-7230E4BE8AC5}.Release|Any CPU.Build.0 = Release|Any CPU
		{FACB17F3-4447-4445-A8CE-A785B485D78A}.Debug|Any CPU.ActiveCfg = Debug|Any CPU
		{FACB17F3-4447-4445-A8CE-A785B485D78A}.Debug|Any CPU.Build.0 = Debug|Any CPU
		{FACB17F3-4447-4445-A8CE-A785B485D78A}.Release|Any CPU.ActiveCfg = Release|Any CPU
		{FACB17F3-4447-4445-A8CE-A785B485D78A}.Release|Any CPU.Build.0 = Release|Any CPU
		{F9FCFE8F-0E5B-43E7-9974-07D5487E38C5}.Debug|Any CPU.ActiveCfg = Debug|Any CPU
		{F9FCFE8F-0E5B-43E7-9974-07D5487E38C5}.Debug|Any CPU.Build.0 = Debug|Any CPU
		{F9FCFE8F-0E5B-43E7-9974-07D5487E38C5}.Release|Any CPU.ActiveCfg = Release|Any CPU
		{F9FCFE8F-0E5B-43E7-9974-07D5487E38C5}.Release|Any CPU.Build.0 = Release|Any CPU
		{443A1ED9-CD49-486B-92E0-F9A21A78935D}.Debug|Any CPU.ActiveCfg = Debug|Any CPU
		{443A1ED9-CD49-486B-92E0-F9A21A78935D}.Debug|Any CPU.Build.0 = Debug|Any CPU
		{443A1ED9-CD49-486B-92E0-F9A21A78935D}.Release|Any CPU.ActiveCfg = Release|Any CPU
		{443A1ED9-CD49-486B-92E0-F9A21A78935D}.Release|Any CPU.Build.0 = Release|Any CPU
		{EFB475A0-7097-4E36-BBBD-3D3BF905F556}.Debug|Any CPU.ActiveCfg = Debug|Any CPU
		{EFB475A0-7097-4E36-BBBD-3D3BF905F556}.Debug|Any CPU.Build.0 = Debug|Any CPU
		{EFB475A0-7097-4E36-BBBD-3D3BF905F556}.Release|Any CPU.ActiveCfg = Release|Any CPU
		{EFB475A0-7097-4E36-BBBD-3D3BF905F556}.Release|Any CPU.Build.0 = Release|Any CPU
		{D104ABB2-7CF2-42C5-8FA1-97B42294817F}.Debug|Any CPU.ActiveCfg = Debug|Any CPU
		{D104ABB2-7CF2-42C5-8FA1-97B42294817F}.Debug|Any CPU.Build.0 = Debug|Any CPU
		{D104ABB2-7CF2-42C5-8FA1-97B42294817F}.Release|Any CPU.ActiveCfg = Release|Any CPU
		{D104ABB2-7CF2-42C5-8FA1-97B42294817F}.Release|Any CPU.Build.0 = Release|Any CPU
		{E7FB5E07-A578-4747-8F4F-7CEBE92AAE06}.Debug|Any CPU.ActiveCfg = Debug|Any CPU
		{E7FB5E07-A578-4747-8F4F-7CEBE92AAE06}.Debug|Any CPU.Build.0 = Debug|Any CPU
		{E7FB5E07-A578-4747-8F4F-7CEBE92AAE06}.Release|Any CPU.ActiveCfg = Release|Any CPU
		{E7FB5E07-A578-4747-8F4F-7CEBE92AAE06}.Release|Any CPU.Build.0 = Release|Any CPU
		{5D82B1F4-A511-4DE7-BDA7-E71980300862}.Debug|Any CPU.ActiveCfg = Debug|Any CPU
		{5D82B1F4-A511-4DE7-BDA7-E71980300862}.Debug|Any CPU.Build.0 = Debug|Any CPU
		{5D82B1F4-A511-4DE7-BDA7-E71980300862}.Release|Any CPU.ActiveCfg = Release|Any CPU
		{5D82B1F4-A511-4DE7-BDA7-E71980300862}.Release|Any CPU.Build.0 = Release|Any CPU
		{264355D1-7662-45B7-AACC-32CDC468F012}.Debug|Any CPU.ActiveCfg = Debug|Any CPU
		{264355D1-7662-45B7-AACC-32CDC468F012}.Debug|Any CPU.Build.0 = Debug|Any CPU
		{264355D1-7662-45B7-AACC-32CDC468F012}.Release|Any CPU.ActiveCfg = Release|Any CPU
		{264355D1-7662-45B7-AACC-32CDC468F012}.Release|Any CPU.Build.0 = Release|Any CPU
		{667142F1-7EBC-40B8-85B0-0E7362FFD150}.Debug|Any CPU.ActiveCfg = Debug|Any CPU
		{667142F1-7EBC-40B8-85B0-0E7362FFD150}.Debug|Any CPU.Build.0 = Debug|Any CPU
		{667142F1-7EBC-40B8-85B0-0E7362FFD150}.Release|Any CPU.ActiveCfg = Release|Any CPU
		{667142F1-7EBC-40B8-85B0-0E7362FFD150}.Release|Any CPU.Build.0 = Release|Any CPU
		{A1E32196-A027-4B63-B038-631B39EF2440}.Debug|Any CPU.ActiveCfg = Debug|Any CPU
		{A1E32196-A027-4B63-B038-631B39EF2440}.Debug|Any CPU.Build.0 = Debug|Any CPU
		{A1E32196-A027-4B63-B038-631B39EF2440}.Release|Any CPU.ActiveCfg = Release|Any CPU
		{A1E32196-A027-4B63-B038-631B39EF2440}.Release|Any CPU.Build.0 = Release|Any CPU
		{98D50D45-C416-4696-A870-A5ACCD88ECFC}.Debug|Any CPU.ActiveCfg = Debug|Any CPU
		{98D50D45-C416-4696-A870-A5ACCD88ECFC}.Debug|Any CPU.Build.0 = Debug|Any CPU
		{98D50D45-C416-4696-A870-A5ACCD88ECFC}.Release|Any CPU.ActiveCfg = Release|Any CPU
		{98D50D45-C416-4696-A870-A5ACCD88ECFC}.Release|Any CPU.Build.0 = Release|Any CPU
		{54B7F9C1-6BB8-4202-9F22-EE785E101FA3}.Debug|Any CPU.ActiveCfg = Debug|Any CPU
		{54B7F9C1-6BB8-4202-9F22-EE785E101FA3}.Debug|Any CPU.Build.0 = Debug|Any CPU
		{54B7F9C1-6BB8-4202-9F22-EE785E101FA3}.Release|Any CPU.ActiveCfg = Release|Any CPU
		{54B7F9C1-6BB8-4202-9F22-EE785E101FA3}.Release|Any CPU.Build.0 = Release|Any CPU
		{E339E74F-D92C-4BFB-AE3F-1DF10219F12E}.Debug|Any CPU.ActiveCfg = Debug|Any CPU
		{E339E74F-D92C-4BFB-AE3F-1DF10219F12E}.Debug|Any CPU.Build.0 = Debug|Any CPU
		{E339E74F-D92C-4BFB-AE3F-1DF10219F12E}.Release|Any CPU.ActiveCfg = Release|Any CPU
		{E339E74F-D92C-4BFB-AE3F-1DF10219F12E}.Release|Any CPU.Build.0 = Release|Any CPU
	EndGlobalSection
	GlobalSection(SolutionProperties) = preSolution
		HideSolutionNode = FALSE
	EndGlobalSection
	GlobalSection(NestedProjects) = preSolution
		{1AA2F758-3762-4498-8C06-B21373272DFC} = {5D660038-28A0-44F0-8172-3829BE8E38AA}
		{171B555C-9958-4561-9001-983CDC0EFBB2} = {5D660038-28A0-44F0-8172-3829BE8E38AA}
		{4EAFB77E-500E-4F26-9DE2-AB2E2B7F3B50} = {5D660038-28A0-44F0-8172-3829BE8E38AA}
		{1C59962F-A86A-4B59-87DE-EC7992D45D15} = {5D660038-28A0-44F0-8172-3829BE8E38AA}
		{5F61135A-4255-4E09-922B-7E44EB0409C0} = {5D660038-28A0-44F0-8172-3829BE8E38AA}
		{11FA04CE-7382-4210-B9CE-7230E4BE8AC5} = {16B9FF90-940B-42B6-B6B9-6F7D24584F13}
		{FACB17F3-4447-4445-A8CE-A785B485D78A} = {16B9FF90-940B-42B6-B6B9-6F7D24584F13}
		{F9FCFE8F-0E5B-43E7-9974-07D5487E38C5} = {16B9FF90-940B-42B6-B6B9-6F7D24584F13}
		{443A1ED9-CD49-486B-92E0-F9A21A78935D} = {16B9FF90-940B-42B6-B6B9-6F7D24584F13}
		{EFB475A0-7097-4E36-BBBD-3D3BF905F556} = {16B9FF90-940B-42B6-B6B9-6F7D24584F13}
		{D104ABB2-7CF2-42C5-8FA1-97B42294817F} = {41D90CAD-D19A-4C28-8286-2F47A862A5D4}
		{E7FB5E07-A578-4747-8F4F-7CEBE92AAE06} = {41D90CAD-D19A-4C28-8286-2F47A862A5D4}
		{5D82B1F4-A511-4DE7-BDA7-E71980300862} = {41D90CAD-D19A-4C28-8286-2F47A862A5D4}
		{264355D1-7662-45B7-AACC-32CDC468F012} = {41D90CAD-D19A-4C28-8286-2F47A862A5D4}
		{667142F1-7EBC-40B8-85B0-0E7362FFD150} = {5B7910E6-B8C3-40D5-837E-33E7ED1B2366}
		{A1E32196-A027-4B63-B038-631B39EF2440} = {5B7910E6-B8C3-40D5-837E-33E7ED1B2366}
		{98D50D45-C416-4696-A870-A5ACCD88ECFC} = {5B7910E6-B8C3-40D5-837E-33E7ED1B2366}
		{54B7F9C1-6BB8-4202-9F22-EE785E101FA3} = {5B7910E6-B8C3-40D5-837E-33E7ED1B2366}
		{E339E74F-D92C-4BFB-AE3F-1DF10219F12E} = {113D66B7-3E85-452F-B1FA-F5211BF0064B}
	EndGlobalSection
	GlobalSection(ExtensibilityGlobals) = postSolution
		SolutionGuid = {AEEF37C3-8594-4307-B934-945FF228B481}
	EndGlobalSection
EndGlobal
